// !$*UTF8*$!
{
	archiveVersion = 1;
	classes = {
	};
	objectVersion = 50;
	objects = {

/* Begin PBXBuildFile section */
		EE2322D425A6BBDF008EF804 /* SignUpApp.swift in Sources */ = {isa = PBXBuildFile; fileRef = EE2322D325A6BBDF008EF804 /* SignUpApp.swift */; };
		EE2322D625A6BBDF008EF804 /* ContentView.swift in Sources */ = {isa = PBXBuildFile; fileRef = EE2322D525A6BBDF008EF804 /* ContentView.swift */; };
		EE2322D825A6BBE1008EF804 /* Assets.xcassets in Resources */ = {isa = PBXBuildFile; fileRef = EE2322D725A6BBE1008EF804 /* Assets.xcassets */; };
		EE2322DB25A6BBE1008EF804 /* Preview Assets.xcassets in Resources */ = {isa = PBXBuildFile; fileRef = EE2322DA25A6BBE1008EF804 /* Preview Assets.xcassets */; };
		EE2322E625A6BBE1008EF804 /* SignUpTests.swift in Sources */ = {isa = PBXBuildFile; fileRef = EE2322E525A6BBE1008EF804 /* SignUpTests.swift */; };
		EE2322F125A6BBE1008EF804 /* SignUpUITests.swift in Sources */ = {isa = PBXBuildFile; fileRef = EE2322F025A6BBE1008EF804 /* SignUpUITests.swift */; };
/* End PBXBuildFile section */

/* Begin PBXContainerItemProxy section */
		EE2322E225A6BBE1008EF804 /* PBXContainerItemProxy */ = {
			isa = PBXContainerItemProxy;
			containerPortal = EE2322C825A6BBDF008EF804 /* Project object */;
			proxyType = 1;
			remoteGlobalIDString = EE2322CF25A6BBDF008EF804;
			remoteInfo = SignUp;
		};
		EE2322ED25A6BBE1008EF804 /* PBXContainerItemProxy */ = {
			isa = PBXContainerItemProxy;
			containerPortal = EE2322C825A6BBDF008EF804 /* Project object */;
			proxyType = 1;
			remoteGlobalIDString = EE2322CF25A6BBDF008EF804;
			remoteInfo = SignUp;
		};
/* End PBXContainerItemProxy section */

/* Begin PBXFileReference section */
		EE2322D025A6BBDF008EF804 /* SignUp.app */ = {isa = PBXFileReference; explicitFileType = wrapper.application; includeInIndex = 0; path = SignUp.app; sourceTree = BUILT_PRODUCTS_DIR; };
		EE2322D325A6BBDF008EF804 /* SignUpApp.swift */ = {isa = PBXFileReference; lastKnownFileType = sourcecode.swift; path = SignUpApp.swift; sourceTree = "<group>"; };
		EE2322D525A6BBDF008EF804 /* ContentView.swift */ = {isa = PBXFileReference; lastKnownFileType = sourcecode.swift; path = ContentView.swift; sourceTree = "<group>"; };
		EE2322D725A6BBE1008EF804 /* Assets.xcassets */ = {isa = PBXFileReference; lastKnownFileType = folder.assetcatalog; path = Assets.xcassets; sourceTree = "<group>"; };
		EE2322DA25A6BBE1008EF804 /* Preview Assets.xcassets */ = {isa = PBXFileReference; lastKnownFileType = folder.assetcatalog; path = "Preview Assets.xcassets"; sourceTree = "<group>"; };
		EE2322DC25A6BBE1008EF804 /* Info.plist */ = {isa = PBXFileReference; lastKnownFileType = text.plist.xml; path = Info.plist; sourceTree = "<group>"; };
		EE2322E125A6BBE1008EF804 /* SignUpTests.xctest */ = {isa = PBXFileReference; explicitFileType = wrapper.cfbundle; includeInIndex = 0; path = SignUpTests.xctest; sourceTree = BUILT_PRODUCTS_DIR; };
		EE2322E525A6BBE1008EF804 /* SignUpTests.swift */ = {isa = PBXFileReference; lastKnownFileType = sourcecode.swift; path = SignUpTests.swift; sourceTree = "<group>"; };
		EE2322E725A6BBE1008EF804 /* Info.plist */ = {isa = PBXFileReference; lastKnownFileType = text.plist.xml; path = Info.plist; sourceTree = "<group>"; };
		EE2322EC25A6BBE1008EF804 /* SignUpUITests.xctest */ = {isa = PBXFileReference; explicitFileType = wrapper.cfbundle; includeInIndex = 0; path = SignUpUITests.xctest; sourceTree = BUILT_PRODUCTS_DIR; };
		EE2322F025A6BBE1008EF804 /* SignUpUITests.swift */ = {isa = PBXFileReference; lastKnownFileType = sourcecode.swift; path = SignUpUITests.swift; sourceTree = "<group>"; };
		EE2322F225A6BBE1008EF804 /* Info.plist */ = {isa = PBXFileReference; lastKnownFileType = text.plist.xml; path = Info.plist; sourceTree = "<group>"; };
/* End PBXFileReference section */

/* Begin PBXFrameworksBuildPhase section */
		EE2322CD25A6BBDF008EF804 /* Frameworks */ = {
			isa = PBXFrameworksBuildPhase;
			buildActionMask = 2147483647;
			files = (
			);
			runOnlyForDeploymentPostprocessing = 0;
		};
		EE2322DE25A6BBE1008EF804 /* Frameworks */ = {
			isa = PBXFrameworksBuildPhase;
			buildActionMask = 2147483647;
			files = (
			);
			runOnlyForDeploymentPostprocessing = 0;
		};
		EE2322E925A6BBE1008EF804 /* Frameworks */ = {
			isa = PBXFrameworksBuildPhase;
			buildActionMask = 2147483647;
			files = (
			);
			runOnlyForDeploymentPostprocessing = 0;
		};
/* End PBXFrameworksBuildPhase section */

/* Begin PBXGroup section */
		EE2322C725A6BBDF008EF804 = {
			isa = PBXGroup;
			children = (
				EE2322D225A6BBDF008EF804 /* SignUp */,
				EE2322E425A6BBE1008EF804 /* SignUpTests */,
				EE2322EF25A6BBE1008EF804 /* SignUpUITests */,
				EE2322D125A6BBDF008EF804 /* Products */,
			);
			sourceTree = "<group>";
		};
		EE2322D125A6BBDF008EF804 /* Products */ = {
			isa = PBXGroup;
			children = (
				EE2322D025A6BBDF008EF804 /* SignUp.app */,
				EE2322E125A6BBE1008EF804 /* SignUpTests.xctest */,
				EE2322EC25A6BBE1008EF804 /* SignUpUITests.xctest */,
			);
			name = Products;
			sourceTree = "<group>";
		};
		EE2322D225A6BBDF008EF804 /* SignUp */ = {
			isa = PBXGroup;
			children = (
				EE2322D325A6BBDF008EF804 /* SignUpApp.swift */,
				EE2322D525A6BBDF008EF804 /* ContentView.swift */,
				EE2322D725A6BBE1008EF804 /* Assets.xcassets */,
				EE2322DC25A6BBE1008EF804 /* Info.plist */,
				EE2322D925A6BBE1008EF804 /* Preview Content */,
			);
			path = SignUp;
			sourceTree = "<group>";
		};
		EE2322D925A6BBE1008EF804 /* Preview Content */ = {
			isa = PBXGroup;
			children = (
				EE2322DA25A6BBE1008EF804 /* Preview Assets.xcassets */,
			);
			path = "Preview Content";
			sourceTree = "<group>";
		};
		EE2322E425A6BBE1008EF804 /* SignUpTests */ = {
			isa = PBXGroup;
			children = (
				EE2322E525A6BBE1008EF804 /* SignUpTests.swift */,
				EE2322E725A6BBE1008EF804 /* Info.plist */,
			);
			path = SignUpTests;
			sourceTree = "<group>";
		};
		EE2322EF25A6BBE1008EF804 /* SignUpUITests */ = {
			isa = PBXGroup;
			children = (
				EE2322F025A6BBE1008EF804 /* SignUpUITests.swift */,
				EE2322F225A6BBE1008EF804 /* Info.plist */,
			);
			path = SignUpUITests;
			sourceTree = "<group>";
		};
/* End PBXGroup section */

/* Begin PBXNativeTarget section */
		EE2322CF25A6BBDF008EF804 /* SignUp */ = {
			isa = PBXNativeTarget;
			buildConfigurationList = EE2322F525A6BBE1008EF804 /* Build configuration list for PBXNativeTarget "SignUp" */;
			buildPhases = (
				EE2322CC25A6BBDF008EF804 /* Sources */,
				EE2322CD25A6BBDF008EF804 /* Frameworks */,
				EE2322CE25A6BBDF008EF804 /* Resources */,
			);
			buildRules = (
			);
			dependencies = (
			);
			name = SignUp;
			productName = SignUp;
			productReference = EE2322D025A6BBDF008EF804 /* SignUp.app */;
			productType = "com.apple.product-type.application";
		};
		EE2322E025A6BBE1008EF804 /* SignUpTests */ = {
			isa = PBXNativeTarget;
			buildConfigurationList = EE2322F825A6BBE1008EF804 /* Build configuration list for PBXNativeTarget "SignUpTests" */;
			buildPhases = (
				EE2322DD25A6BBE1008EF804 /* Sources */,
				EE2322DE25A6BBE1008EF804 /* Frameworks */,
				EE2322DF25A6BBE1008EF804 /* Resources */,
			);
			buildRules = (
			);
			dependencies = (
				EE2322E325A6BBE1008EF804 /* PBXTargetDependency */,
			);
			name = SignUpTests;
			productName = SignUpTests;
			productReference = EE2322E125A6BBE1008EF804 /* SignUpTests.xctest */;
			productType = "com.apple.product-type.bundle.unit-test";
		};
		EE2322EB25A6BBE1008EF804 /* SignUpUITests */ = {
			isa = PBXNativeTarget;
			buildConfigurationList = EE2322FB25A6BBE1008EF804 /* Build configuration list for PBXNativeTarget "SignUpUITests" */;
			buildPhases = (
				EE2322E825A6BBE1008EF804 /* Sources */,
				EE2322E925A6BBE1008EF804 /* Frameworks */,
				EE2322EA25A6BBE1008EF804 /* Resources */,
			);
			buildRules = (
			);
			dependencies = (
				EE2322EE25A6BBE1008EF804 /* PBXTargetDependency */,
			);
			name = SignUpUITests;
			productName = SignUpUITests;
			productReference = EE2322EC25A6BBE1008EF804 /* SignUpUITests.xctest */;
			productType = "com.apple.product-type.bundle.ui-testing";
		};
/* End PBXNativeTarget section */

/* Begin PBXProject section */
		EE2322C825A6BBDF008EF804 /* Project object */ = {
			isa = PBXProject;
			attributes = {
				LastSwiftUpdateCheck = 1230;
				LastUpgradeCheck = 1230;
				TargetAttributes = {
					EE2322CF25A6BBDF008EF804 = {
						CreatedOnToolsVersion = 12.3;
					};
					EE2322E025A6BBE1008EF804 = {
						CreatedOnToolsVersion = 12.3;
						TestTargetID = EE2322CF25A6BBDF008EF804;
					};
					EE2322EB25A6BBE1008EF804 = {
						CreatedOnToolsVersion = 12.3;
						TestTargetID = EE2322CF25A6BBDF008EF804;
					};
				};
			};
			buildConfigurationList = EE2322CB25A6BBDF008EF804 /* Build configuration list for PBXProject "SignUp" */;
			compatibilityVersion = "Xcode 9.3";
			developmentRegion = en;
			hasScannedForEncodings = 0;
			knownRegions = (
				en,
				Base,
			);
			mainGroup = EE2322C725A6BBDF008EF804;
			productRefGroup = EE2322D125A6BBDF008EF804 /* Products */;
			projectDirPath = "";
			projectRoot = "";
			targets = (
				EE2322CF25A6BBDF008EF804 /* SignUp */,
				EE2322E025A6BBE1008EF804 /* SignUpTests */,
				EE2322EB25A6BBE1008EF804 /* SignUpUITests */,
			);
		};
/* End PBXProject section */

/* Begin PBXResourcesBuildPhase section */
		EE2322CE25A6BBDF008EF804 /* Resources */ = {
			isa = PBXResourcesBuildPhase;
			buildActionMask = 2147483647;
			files = (
				EE2322DB25A6BBE1008EF804 /* Preview Assets.xcassets in Resources */,
				EE2322D825A6BBE1008EF804 /* Assets.xcassets in Resources */,
			);
			runOnlyForDeploymentPostprocessing = 0;
		};
		EE2322DF25A6BBE1008EF804 /* Resources */ = {
			isa = PBXResourcesBuildPhase;
			buildActionMask = 2147483647;
			files = (
			);
			runOnlyForDeploymentPostprocessing = 0;
		};
		EE2322EA25A6BBE1008EF804 /* Resources */ = {
			isa = PBXResourcesBuildPhase;
			buildActionMask = 2147483647;
			files = (
			);
			runOnlyForDeploymentPostprocessing = 0;
		};
/* End PBXResourcesBuildPhase section */

/* Begin PBXSourcesBuildPhase section */
		EE2322CC25A6BBDF008EF804 /* Sources */ = {
			isa = PBXSourcesBuildPhase;
			buildActionMask = 2147483647;
			files = (
				EE2322D625A6BBDF008EF804 /* ContentView.swift in Sources */,
				EE2322D425A6BBDF008EF804 /* SignUpApp.swift in Sources */,
			);
			runOnlyForDeploymentPostprocessing = 0;
		};
		EE2322DD25A6BBE1008EF804 /* Sources */ = {
			isa = PBXSourcesBuildPhase;
			buildActionMask = 2147483647;
			files = (
				EE2322E625A6BBE1008EF804 /* SignUpTests.swift in Sources */,
			);
			runOnlyForDeploymentPostprocessing = 0;
		};
		EE2322E825A6BBE1008EF804 /* Sources */ = {
			isa = PBXSourcesBuildPhase;
			buildActionMask = 2147483647;
			files = (
				EE2322F125A6BBE1008EF804 /* SignUpUITests.swift in Sources */,
			);
			runOnlyForDeploymentPostprocessing = 0;
		};
/* End PBXSourcesBuildPhase section */

/* Begin PBXTargetDependency section */
		EE2322E325A6BBE1008EF804 /* PBXTargetDependency */ = {
			isa = PBXTargetDependency;
			target = EE2322CF25A6BBDF008EF804 /* SignUp */;
			targetProxy = EE2322E225A6BBE1008EF804 /* PBXContainerItemProxy */;
		};
		EE2322EE25A6BBE1008EF804 /* PBXTargetDependency */ = {
			isa = PBXTargetDependency;
			target = EE2322CF25A6BBDF008EF804 /* SignUp */;
			targetProxy = EE2322ED25A6BBE1008EF804 /* PBXContainerItemProxy */;
		};
/* End PBXTargetDependency section */

/* Begin XCBuildConfiguration section */
		EE2322F325A6BBE1008EF804 /* Debug */ = {
			isa = XCBuildConfiguration;
			buildSettings = {
				ALWAYS_SEARCH_USER_PATHS = NO;
				CLANG_ANALYZER_NONNULL = YES;
				CLANG_ANALYZER_NUMBER_OBJECT_CONVERSION = YES_AGGRESSIVE;
				CLANG_CXX_LANGUAGE_STANDARD = "gnu++14";
				CLANG_CXX_LIBRARY = "libc++";
				CLANG_ENABLE_MODULES = YES;
				CLANG_ENABLE_OBJC_ARC = YES;
				CLANG_ENABLE_OBJC_WEAK = YES;
				CLANG_WARN_BLOCK_CAPTURE_AUTORELEASING = YES;
				CLANG_WARN_BOOL_CONVERSION = YES;
				CLANG_WARN_COMMA = YES;
				CLANG_WARN_CONSTANT_CONVERSION = YES;
				CLANG_WARN_DEPRECATED_OBJC_IMPLEMENTATIONS = YES;
				CLANG_WARN_DIRECT_OBJC_ISA_USAGE = YES_ERROR;
				CLANG_WARN_DOCUMENTATION_COMMENTS = YES;
				CLANG_WARN_EMPTY_BODY = YES;
				CLANG_WARN_ENUM_CONVERSION = YES;
				CLANG_WARN_INFINITE_RECURSION = YES;
				CLANG_WARN_INT_CONVERSION = YES;
				CLANG_WARN_NON_LITERAL_NULL_CONVERSION = YES;
				CLANG_WARN_OBJC_IMPLICIT_RETAIN_SELF = YES;
				CLANG_WARN_OBJC_LITERAL_CONVERSION = YES;
				CLANG_WARN_OBJC_ROOT_CLASS = YES_ERROR;
				CLANG_WARN_QUOTED_INCLUDE_IN_FRAMEWORK_HEADER = YES;
				CLANG_WARN_RANGE_LOOP_ANALYSIS = YES;
				CLANG_WARN_STRICT_PROTOTYPES = YES;
				CLANG_WARN_SUSPICIOUS_MOVE = YES;
				CLANG_WARN_UNGUARDED_AVAILABILITY = YES_AGGRESSIVE;
				CLANG_WARN_UNREACHABLE_CODE = YES;
				CLANG_WARN__DUPLICATE_METHOD_MATCH = YES;
				COPY_PHASE_STRIP = NO;
				DEBUG_INFORMATION_FORMAT = dwarf;
				ENABLE_STRICT_OBJC_MSGSEND = YES;
				ENABLE_TESTABILITY = YES;
				GCC_C_LANGUAGE_STANDARD = gnu11;
				GCC_DYNAMIC_NO_PIC = NO;
				GCC_NO_COMMON_BLOCKS = YES;
				GCC_OPTIMIZATION_LEVEL = 0;
				GCC_PREPROCESSOR_DEFINITIONS = (
					"DEBUG=1",
					"$(inherited)",
				);
				GCC_WARN_64_TO_32_BIT_CONVERSION = YES;
				GCC_WARN_ABOUT_RETURN_TYPE = YES_ERROR;
				GCC_WARN_UNDECLARED_SELECTOR = YES;
				GCC_WARN_UNINITIALIZED_AUTOS = YES_AGGRESSIVE;
				GCC_WARN_UNUSED_FUNCTION = YES;
				GCC_WARN_UNUSED_VARIABLE = YES;
				IPHONEOS_DEPLOYMENT_TARGET = 14.3;
				MTL_ENABLE_DEBUG_INFO = INCLUDE_SOURCE;
				MTL_FAST_MATH = YES;
				ONLY_ACTIVE_ARCH = YES;
				SDKROOT = iphoneos;
				SWIFT_ACTIVE_COMPILATION_CONDITIONS = DEBUG;
				SWIFT_OPTIMIZATION_LEVEL = "-Onone";
			};
			name = Debug;
		};
		EE2322F425A6BBE1008EF804 /* Release */ = {
			isa = XCBuildConfiguration;
			buildSettings = {
				ALWAYS_SEARCH_USER_PATHS = NO;
				CLANG_ANALYZER_NONNULL = YES;
				CLANG_ANALYZER_NUMBER_OBJECT_CONVERSION = YES_AGGRESSIVE;
				CLANG_CXX_LANGUAGE_STANDARD = "gnu++14";
				CLANG_CXX_LIBRARY = "libc++";
				CLANG_ENABLE_MODULES = YES;
				CLANG_ENABLE_OBJC_ARC = YES;
				CLANG_ENABLE_OBJC_WEAK = YES;
				CLANG_WARN_BLOCK_CAPTURE_AUTORELEASING = YES;
				CLANG_WARN_BOOL_CONVERSION = YES;
				CLANG_WARN_COMMA = YES;
				CLANG_WARN_CONSTANT_CONVERSION = YES;
				CLANG_WARN_DEPRECATED_OBJC_IMPLEMENTATIONS = YES;
				CLANG_WARN_DIRECT_OBJC_ISA_USAGE = YES_ERROR;
				CLANG_WARN_DOCUMENTATION_COMMENTS = YES;
				CLANG_WARN_EMPTY_BODY = YES;
				CLANG_WARN_ENUM_CONVERSION = YES;
				CLANG_WARN_INFINITE_RECURSION = YES;
				CLANG_WARN_INT_CONVERSION = YES;
				CLANG_WARN_NON_LITERAL_NULL_CONVERSION = YES;
				CLANG_WARN_OBJC_IMPLICIT_RETAIN_SELF = YES;
				CLANG_WARN_OBJC_LITERAL_CONVERSION = YES;
				CLANG_WARN_OBJC_ROOT_CLASS = YES_ERROR;
				CLANG_WARN_QUOTED_INCLUDE_IN_FRAMEWORK_HEADER = YES;
				CLANG_WARN_RANGE_LOOP_ANALYSIS = YES;
				CLANG_WARN_STRICT_PROTOTYPES = YES;
				CLANG_WARN_SUSPICIOUS_MOVE = YES;
				CLANG_WARN_UNGUARDED_AVAILABILITY = YES_AGGRESSIVE;
				CLANG_WARN_UNREACHABLE_CODE = YES;
				CLANG_WARN__DUPLICATE_METHOD_MATCH = YES;
				COPY_PHASE_STRIP = NO;
				DEBUG_INFORMATION_FORMAT = "dwarf-with-dsym";
				ENABLE_NS_ASSERTIONS = NO;
				ENABLE_STRICT_OBJC_MSGSEND = YES;
				GCC_C_LANGUAGE_STANDARD = gnu11;
				GCC_NO_COMMON_BLOCKS = YES;
				GCC_WARN_64_TO_32_BIT_CONVERSION = YES;
				GCC_WARN_ABOUT_RETURN_TYPE = YES_ERROR;
				GCC_WARN_UNDECLARED_SELECTOR = YES;
				GCC_WARN_UNINITIALIZED_AUTOS = YES_AGGRESSIVE;
				GCC_WARN_UNUSED_FUNCTION = YES;
				GCC_WARN_UNUSED_VARIABLE = YES;
				IPHONEOS_DEPLOYMENT_TARGET = 14.3;
				MTL_ENABLE_DEBUG_INFO = NO;
				MTL_FAST_MATH = YES;
				SDKROOT = iphoneos;
				SWIFT_COMPILATION_MODE = wholemodule;
				SWIFT_OPTIMIZATION_LEVEL = "-O";
				VALIDATE_PRODUCT = YES;
			};
			name = Release;
		};
		EE2322F625A6BBE1008EF804 /* Debug */ = {
			isa = XCBuildConfiguration;
			buildSettings = {
				ASSETCATALOG_COMPILER_APPICON_NAME = AppIcon;
				ASSETCATALOG_COMPILER_GLOBAL_ACCENT_COLOR_NAME = AccentColor;
				CODE_SIGN_STYLE = Automatic;
				DEVELOPMENT_ASSET_PATHS = "\"SignUp/Preview Content\"";
				DEVELOPMENT_TEAM = R7G2ZY32W4;
				ENABLE_PREVIEWS = YES;
				INFOPLIST_FILE = SignUp/Info.plist;
				IPHONEOS_DEPLOYMENT_TARGET = 14.0;
				LD_RUNPATH_SEARCH_PATHS = (
					"$(inherited)",
					"@executable_path/Frameworks",
				);
				PRODUCT_BUNDLE_IDENTIFIER = com.khb.SignUp;
				PRODUCT_NAME = "$(TARGET_NAME)";
				SWIFT_VERSION = 5.0;
				TARGETED_DEVICE_FAMILY = "1,2";
			};
			name = Debug;
		};
		EE2322F725A6BBE1008EF804 /* Release */ = {
			isa = XCBuildConfiguration;
			buildSettings = {
				ASSETCATALOG_COMPILER_APPICON_NAME = AppIcon;
				ASSETCATALOG_COMPILER_GLOBAL_ACCENT_COLOR_NAME = AccentColor;
				CODE_SIGN_STYLE = Automatic;
				DEVELOPMENT_ASSET_PATHS = "\"SignUp/Preview Content\"";
				DEVELOPMENT_TEAM = R7G2ZY32W4;
				ENABLE_PREVIEWS = YES;
				INFOPLIST_FILE = SignUp/Info.plist;
				IPHONEOS_DEPLOYMENT_TARGET = 14.0;
				LD_RUNPATH_SEARCH_PATHS = (
					"$(inherited)",
					"@executable_path/Frameworks",
				);
				PRODUCT_BUNDLE_IDENTIFIER = com.khb.SignUp;
				PRODUCT_NAME = "$(TARGET_NAME)";
				SWIFT_VERSION = 5.0;
				TARGETED_DEVICE_FAMILY = "1,2";
			};
			name = Release;
		};
		EE2322F925A6BBE1008EF804 /* Debug */ = {
			isa = XCBuildConfiguration;
			buildSettings = {
				ALWAYS_EMBED_SWIFT_STANDARD_LIBRARIES = YES;
				BUNDLE_LOADER = "$(TEST_HOST)";
				CODE_SIGN_STYLE = Automatic;
				DEVELOPMENT_TEAM = R7G2ZY32W4;
				INFOPLIST_FILE = SignUpTests/Info.plist;
				IPHONEOS_DEPLOYMENT_TARGET = 14.0;
				LD_RUNPATH_SEARCH_PATHS = (
					"$(inherited)",
					"@executable_path/Frameworks",
					"@loader_path/Frameworks",
				);
				PRODUCT_BUNDLE_IDENTIFIER = com.khb.SignUpTests;
				PRODUCT_NAME = "$(TARGET_NAME)";
				SWIFT_VERSION = 5.0;
				TARGETED_DEVICE_FAMILY = "1,2";
				TEST_HOST = "$(BUILT_PRODUCTS_DIR)/SignUp.app/SignUp";
			};
			name = Debug;
		};
		EE2322FA25A6BBE1008EF804 /* Release */ = {
			isa = XCBuildConfiguration;
			buildSettings = {
				ALWAYS_EMBED_SWIFT_STANDARD_LIBRARIES = YES;
				BUNDLE_LOADER = "$(TEST_HOST)";
				CODE_SIGN_STYLE = Automatic;
				DEVELOPMENT_TEAM = R7G2ZY32W4;
				INFOPLIST_FILE = SignUpTests/Info.plist;
				IPHONEOS_DEPLOYMENT_TARGET = 14.0;
				LD_RUNPATH_SEARCH_PATHS = (
					"$(inherited)",
					"@executable_path/Frameworks",
					"@loader_path/Frameworks",
				);
				PRODUCT_BUNDLE_IDENTIFIER = com.khb.SignUpTests;
				PRODUCT_NAME = "$(TARGET_NAME)";
				SWIFT_VERSION = 5.0;
				TARGETED_DEVICE_FAMILY = "1,2";
				TEST_HOST = "$(BUILT_PRODUCTS_DIR)/SignUp.app/SignUp";
			};
			name = Release;
		};
		EE2322FC25A6BBE1008EF804 /* Debug */ = {
			isa = XCBuildConfiguration;
			buildSettings = {
				ALWAYS_EMBED_SWIFT_STANDARD_LIBRARIES = YES;
				CODE_SIGN_STYLE = Automatic;
				DEVELOPMENT_TEAM = R7G2ZY32W4;
				INFOPLIST_FILE = SignUpUITests/Info.plist;
				LD_RUNPATH_SEARCH_PATHS = (
					"$(inherited)",
					"@executable_path/Frameworks",
					"@loader_path/Frameworks",
				);
				PRODUCT_BUNDLE_IDENTIFIER = com.khb.SignUpUITests;
				PRODUCT_NAME = "$(TARGET_NAME)";
				SWIFT_VERSION = 5.0;
				TARGETED_DEVICE_FAMILY = "1,2";
				TEST_TARGET_NAME = SignUp;
			};
			name = Debug;
		};
		EE2322FD25A6BBE1008EF804 /* Release */ = {
			isa = XCBuildConfiguration;
			buildSettings = {
				ALWAYS_EMBED_SWIFT_STANDARD_LIBRARIES = YES;
				CODE_SIGN_STYLE = Automatic;
				DEVELOPMENT_TEAM = R7G2ZY32W4;
				INFOPLIST_FILE = SignUpUITests/Info.plist;
				LD_RUNPATH_SEARCH_PATHS = (
					"$(inherited)",
					"@executable_path/Frameworks",
					"@loader_path/Frameworks",
				);
				PRODUCT_BUNDLE_IDENTIFIER = com.khb.SignUpUITests;
				PRODUCT_NAME = "$(TARGET_NAME)";
				SWIFT_VERSION = 5.0;
				TARGETED_DEVICE_FAMILY = "1,2";
				TEST_TARGET_NAME = SignUp;
			};
			name = Release;
		};
/* End XCBuildConfiguration section */

/* Begin XCConfigurationList section */
		EE2322CB25A6BBDF008EF804 /* Build configuration list for PBXProject "SignUp" */ = {
			isa = XCConfigurationList;
			buildConfigurations = (
				EE2322F325A6BBE1008EF804 /* Debug */,
				EE2322F425A6BBE1008EF804 /* Release */,
			);
			defaultConfigurationIsVisible = 0;
			defaultConfigurationName = Release;
		};
		EE2322F525A6BBE1008EF804 /* Build configuration list for PBXNativeTarget "SignUp" */ = {
			isa = XCConfigurationList;
			buildConfigurations = (
				EE2322F625A6BBE1008EF804 /* Debug */,
				EE2322F725A6BBE1008EF804 /* Release */,
			);
			defaultConfigurationIsVisible = 0;
			defaultConfigurationName = Release;
		};
		EE2322F825A6BBE1008EF804 /* Build configuration list for PBXNativeTarget "SignUpTests" */ = {
			isa = XCConfigurationList;
			buildConfigurations = (
				EE2322F925A6BBE1008EF804 /* Debug */,
				EE2322FA25A6BBE1008EF804 /* Release */,
			);
			defaultConfigurationIsVisible = 0;
			defaultConfigurationName = Release;
		};
		EE2322FB25A6BBE1008EF804 /* Build configuration list for PBXNativeTarget "SignUpUITests" */ = {
			isa = XCConfigurationList;
			buildConfigurations = (
				EE2322FC25A6BBE1008EF804 /* Debug */,
				EE2322FD25A6BBE1008EF804 /* Release */,
			);
			defaultConfigurationIsVisible = 0;
			defaultConfigurationName = Release;
		};
/* End XCConfigurationList section */
	};
	rootObject = EE2322C825A6BBDF008EF804 /* Project object */;
}
