// !$*UTF8*$!
{
	archiveVersion = 1;
	classes = {
	};
	objectVersion = 50;
	objects = {

/* Begin PBXBuildFile section */
		EE55A1C425A972C000F7009C /* LinearGraphApp.swift in Sources */ = {isa = PBXBuildFile; fileRef = EE55A1C325A972C000F7009C /* LinearGraphApp.swift */; };
		EE55A1C625A972C000F7009C /* ContentView.swift in Sources */ = {isa = PBXBuildFile; fileRef = EE55A1C525A972C000F7009C /* ContentView.swift */; };
		EE55A1C825A972C200F7009C /* Assets.xcassets in Resources */ = {isa = PBXBuildFile; fileRef = EE55A1C725A972C200F7009C /* Assets.xcassets */; };
		EE55A1CB25A972C200F7009C /* Preview Assets.xcassets in Resources */ = {isa = PBXBuildFile; fileRef = EE55A1CA25A972C200F7009C /* Preview Assets.xcassets */; };
		EE55A1D625A972C200F7009C /* LinearGraphTests.swift in Sources */ = {isa = PBXBuildFile; fileRef = EE55A1D525A972C200F7009C /* LinearGraphTests.swift */; };
		EE55A1E125A972C200F7009C /* LinearGraphUITests.swift in Sources */ = {isa = PBXBuildFile; fileRef = EE55A1E025A972C200F7009C /* LinearGraphUITests.swift */; };
		EE55A1F325A9730F00F7009C /* LinearChartBar.swift in Sources */ = {isa = PBXBuildFile; fileRef = EE55A1F225A9730F00F7009C /* LinearChartBar.swift */; };
		EE55A1FB25A9781400F7009C /* ChartView.swift in Sources */ = {isa = PBXBuildFile; fileRef = EE55A1FA25A9781400F7009C /* ChartView.swift */; };
/* End PBXBuildFile section */

/* Begin PBXContainerItemProxy section */
		EE55A1D225A972C200F7009C /* PBXContainerItemProxy */ = {
			isa = PBXContainerItemProxy;
			containerPortal = EE55A1B825A972C000F7009C /* Project object */;
			proxyType = 1;
			remoteGlobalIDString = EE55A1BF25A972C000F7009C;
			remoteInfo = LinearGraph;
		};
		EE55A1DD25A972C200F7009C /* PBXContainerItemProxy */ = {
			isa = PBXContainerItemProxy;
			containerPortal = EE55A1B825A972C000F7009C /* Project object */;
			proxyType = 1;
			remoteGlobalIDString = EE55A1BF25A972C000F7009C;
			remoteInfo = LinearGraph;
		};
/* End PBXContainerItemProxy section */

/* Begin PBXFileReference section */
		EE55A1C025A972C000F7009C /* LinearGraph.app */ = {isa = PBXFileReference; explicitFileType = wrapper.application; includeInIndex = 0; path = LinearGraph.app; sourceTree = BUILT_PRODUCTS_DIR; };
		EE55A1C325A972C000F7009C /* LinearGraphApp.swift */ = {isa = PBXFileReference; lastKnownFileType = sourcecode.swift; path = LinearGraphApp.swift; sourceTree = "<group>"; };
		EE55A1C525A972C000F7009C /* ContentView.swift */ = {isa = PBXFileReference; lastKnownFileType = sourcecode.swift; path = ContentView.swift; sourceTree = "<group>"; };
		EE55A1C725A972C200F7009C /* Assets.xcassets */ = {isa = PBXFileReference; lastKnownFileType = folder.assetcatalog; path = Assets.xcassets; sourceTree = "<group>"; };
		EE55A1CA25A972C200F7009C /* Preview Assets.xcassets */ = {isa = PBXFileReference; lastKnownFileType = folder.assetcatalog; path = "Preview Assets.xcassets"; sourceTree = "<group>"; };
		EE55A1CC25A972C200F7009C /* Info.plist */ = {isa = PBXFileReference; lastKnownFileType = text.plist.xml; path = Info.plist; sourceTree = "<group>"; };
		EE55A1D125A972C200F7009C /* LinearGraphTests.xctest */ = {isa = PBXFileReference; explicitFileType = wrapper.cfbundle; includeInIndex = 0; path = LinearGraphTests.xctest; sourceTree = BUILT_PRODUCTS_DIR; };
		EE55A1D525A972C200F7009C /* LinearGraphTests.swift */ = {isa = PBXFileReference; lastKnownFileType = sourcecode.swift; path = LinearGraphTests.swift; sourceTree = "<group>"; };
		EE55A1D725A972C200F7009C /* Info.plist */ = {isa = PBXFileReference; lastKnownFileType = text.plist.xml; path = Info.plist; sourceTree = "<group>"; };
		EE55A1DC25A972C200F7009C /* LinearGraphUITests.xctest */ = {isa = PBXFileReference; explicitFileType = wrapper.cfbundle; includeInIndex = 0; path = LinearGraphUITests.xctest; sourceTree = BUILT_PRODUCTS_DIR; };
		EE55A1E025A972C200F7009C /* LinearGraphUITests.swift */ = {isa = PBXFileReference; lastKnownFileType = sourcecode.swift; path = LinearGraphUITests.swift; sourceTree = "<group>"; };
		EE55A1E225A972C200F7009C /* Info.plist */ = {isa = PBXFileReference; lastKnownFileType = text.plist.xml; path = Info.plist; sourceTree = "<group>"; };
		EE55A1F225A9730F00F7009C /* LinearChartBar.swift */ = {isa = PBXFileReference; lastKnownFileType = sourcecode.swift; path = LinearChartBar.swift; sourceTree = "<group>"; };
		EE55A1FA25A9781400F7009C /* ChartView.swift */ = {isa = PBXFileReference; lastKnownFileType = sourcecode.swift; path = ChartView.swift; sourceTree = "<group>"; };
/* End PBXFileReference section */

/* Begin PBXFrameworksBuildPhase section */
		EE55A1BD25A972C000F7009C /* Frameworks */ = {
			isa = PBXFrameworksBuildPhase;
			buildActionMask = 2147483647;
			files = (
			);
			runOnlyForDeploymentPostprocessing = 0;
		};
		EE55A1CE25A972C200F7009C /* Frameworks */ = {
			isa = PBXFrameworksBuildPhase;
			buildActionMask = 2147483647;
			files = (
			);
			runOnlyForDeploymentPostprocessing = 0;
		};
		EE55A1D925A972C200F7009C /* Frameworks */ = {
			isa = PBXFrameworksBuildPhase;
			buildActionMask = 2147483647;
			files = (
			);
			runOnlyForDeploymentPostprocessing = 0;
		};
/* End PBXFrameworksBuildPhase section */

/* Begin PBXGroup section */
		EE55A1B725A972C000F7009C = {
			isa = PBXGroup;
			children = (
				EE55A1C225A972C000F7009C /* LinearGraph */,
				EE55A1D425A972C200F7009C /* LinearGraphTests */,
				EE55A1DF25A972C200F7009C /* LinearGraphUITests */,
				EE55A1C125A972C000F7009C /* Products */,
			);
			sourceTree = "<group>";
		};
		EE55A1C125A972C000F7009C /* Products */ = {
			isa = PBXGroup;
			children = (
				EE55A1C025A972C000F7009C /* LinearGraph.app */,
				EE55A1D125A972C200F7009C /* LinearGraphTests.xctest */,
				EE55A1DC25A972C200F7009C /* LinearGraphUITests.xctest */,
			);
			name = Products;
			sourceTree = "<group>";
		};
		EE55A1C225A972C000F7009C /* LinearGraph */ = {
			isa = PBXGroup;
			children = (
				EE55A1F125A972D400F7009C /* View */,
				EE55A1C325A972C000F7009C /* LinearGraphApp.swift */,
				EE55A1C525A972C000F7009C /* ContentView.swift */,
				EE55A1C725A972C200F7009C /* Assets.xcassets */,
				EE55A1CC25A972C200F7009C /* Info.plist */,
				EE55A1C925A972C200F7009C /* Preview Content */,
			);
			path = LinearGraph;
			sourceTree = "<group>";
		};
		EE55A1C925A972C200F7009C /* Preview Content */ = {
			isa = PBXGroup;
			children = (
				EE55A1CA25A972C200F7009C /* Preview Assets.xcassets */,
			);
			path = "Preview Content";
			sourceTree = "<group>";
		};
		EE55A1D425A972C200F7009C /* LinearGraphTests */ = {
			isa = PBXGroup;
			children = (
				EE55A1D525A972C200F7009C /* LinearGraphTests.swift */,
				EE55A1D725A972C200F7009C /* Info.plist */,
			);
			path = LinearGraphTests;
			sourceTree = "<group>";
		};
		EE55A1DF25A972C200F7009C /* LinearGraphUITests */ = {
			isa = PBXGroup;
			children = (
				EE55A1E025A972C200F7009C /* LinearGraphUITests.swift */,
				EE55A1E225A972C200F7009C /* Info.plist */,
			);
			path = LinearGraphUITests;
			sourceTree = "<group>";
		};
		EE55A1F125A972D400F7009C /* View */ = {
			isa = PBXGroup;
			children = (
				EE55A1F225A9730F00F7009C /* LinearChartBar.swift */,
				EE55A1FA25A9781400F7009C /* ChartView.swift */,
			);
			path = View;
			sourceTree = "<group>";
		};
/* End PBXGroup section */

/* Begin PBXNativeTarget section */
		EE55A1BF25A972C000F7009C /* LinearGraph */ = {
			isa = PBXNativeTarget;
			buildConfigurationList = EE55A1E525A972C200F7009C /* Build configuration list for PBXNativeTarget "LinearGraph" */;
			buildPhases = (
				EE55A1BC25A972C000F7009C /* Sources */,
				EE55A1BD25A972C000F7009C /* Frameworks */,
				EE55A1BE25A972C000F7009C /* Resources */,
			);
			buildRules = (
			);
			dependencies = (
			);
			name = LinearGraph;
			productName = LinearGraph;
			productReference = EE55A1C025A972C000F7009C /* LinearGraph.app */;
			productType = "com.apple.product-type.application";
		};
		EE55A1D025A972C200F7009C /* LinearGraphTests */ = {
			isa = PBXNativeTarget;
			buildConfigurationList = EE55A1E825A972C200F7009C /* Build configuration list for PBXNativeTarget "LinearGraphTests" */;
			buildPhases = (
				EE55A1CD25A972C200F7009C /* Sources */,
				EE55A1CE25A972C200F7009C /* Frameworks */,
				EE55A1CF25A972C200F7009C /* Resources */,
			);
			buildRules = (
			);
			dependencies = (
				EE55A1D325A972C200F7009C /* PBXTargetDependency */,
			);
			name = LinearGraphTests;
			productName = LinearGraphTests;
			productReference = EE55A1D125A972C200F7009C /* LinearGraphTests.xctest */;
			productType = "com.apple.product-type.bundle.unit-test";
		};
		EE55A1DB25A972C200F7009C /* LinearGraphUITests */ = {
			isa = PBXNativeTarget;
			buildConfigurationList = EE55A1EB25A972C200F7009C /* Build configuration list for PBXNativeTarget "LinearGraphUITests" */;
			buildPhases = (
				EE55A1D825A972C200F7009C /* Sources */,
				EE55A1D925A972C200F7009C /* Frameworks */,
				EE55A1DA25A972C200F7009C /* Resources */,
			);
			buildRules = (
			);
			dependencies = (
				EE55A1DE25A972C200F7009C /* PBXTargetDependency */,
			);
			name = LinearGraphUITests;
			productName = LinearGraphUITests;
			productReference = EE55A1DC25A972C200F7009C /* LinearGraphUITests.xctest */;
			productType = "com.apple.product-type.bundle.ui-testing";
		};
/* End PBXNativeTarget section */

/* Begin PBXProject section */
		EE55A1B825A972C000F7009C /* Project object */ = {
			isa = PBXProject;
			attributes = {
				LastSwiftUpdateCheck = 1230;
				LastUpgradeCheck = 1230;
				TargetAttributes = {
					EE55A1BF25A972C000F7009C = {
						CreatedOnToolsVersion = 12.3;
					};
					EE55A1D025A972C200F7009C = {
						CreatedOnToolsVersion = 12.3;
						TestTargetID = EE55A1BF25A972C000F7009C;
					};
					EE55A1DB25A972C200F7009C = {
						CreatedOnToolsVersion = 12.3;
						TestTargetID = EE55A1BF25A972C000F7009C;
					};
				};
			};
			buildConfigurationList = EE55A1BB25A972C000F7009C /* Build configuration list for PBXProject "LinearGraph" */;
			compatibilityVersion = "Xcode 9.3";
			developmentRegion = en;
			hasScannedForEncodings = 0;
			knownRegions = (
				en,
				Base,
			);
			mainGroup = EE55A1B725A972C000F7009C;
			productRefGroup = EE55A1C125A972C000F7009C /* Products */;
			projectDirPath = "";
			projectRoot = "";
			targets = (
				EE55A1BF25A972C000F7009C /* LinearGraph */,
				EE55A1D025A972C200F7009C /* LinearGraphTests */,
				EE55A1DB25A972C200F7009C /* LinearGraphUITests */,
			);
		};
/* End PBXProject section */

/* Begin PBXResourcesBuildPhase section */
		EE55A1BE25A972C000F7009C /* Resources */ = {
			isa = PBXResourcesBuildPhase;
			buildActionMask = 2147483647;
			files = (
				EE55A1CB25A972C200F7009C /* Preview Assets.xcassets in Resources */,
				EE55A1C825A972C200F7009C /* Assets.xcassets in Resources */,
			);
			runOnlyForDeploymentPostprocessing = 0;
		};
		EE55A1CF25A972C200F7009C /* Resources */ = {
			isa = PBXResourcesBuildPhase;
			buildActionMask = 2147483647;
			files = (
			);
			runOnlyForDeploymentPostprocessing = 0;
		};
		EE55A1DA25A972C200F7009C /* Resources */ = {
			isa = PBXResourcesBuildPhase;
			buildActionMask = 2147483647;
			files = (
			);
			runOnlyForDeploymentPostprocessing = 0;
		};
/* End PBXResourcesBuildPhase section */

/* Begin PBXSourcesBuildPhase section */
		EE55A1BC25A972C000F7009C /* Sources */ = {
			isa = PBXSourcesBuildPhase;
			buildActionMask = 2147483647;
			files = (
				EE55A1C625A972C000F7009C /* ContentView.swift in Sources */,
				EE55A1F325A9730F00F7009C /* LinearChartBar.swift in Sources */,
				EE55A1C425A972C000F7009C /* LinearGraphApp.swift in Sources */,
				EE55A1FB25A9781400F7009C /* ChartView.swift in Sources */,
			);
			runOnlyForDeploymentPostprocessing = 0;
		};
		EE55A1CD25A972C200F7009C /* Sources */ = {
			isa = PBXSourcesBuildPhase;
			buildActionMask = 2147483647;
			files = (
				EE55A1D625A972C200F7009C /* LinearGraphTests.swift in Sources */,
			);
			runOnlyForDeploymentPostprocessing = 0;
		};
		EE55A1D825A972C200F7009C /* Sources */ = {
			isa = PBXSourcesBuildPhase;
			buildActionMask = 2147483647;
			files = (
				EE55A1E125A972C200F7009C /* LinearGraphUITests.swift in Sources */,
			);
			runOnlyForDeploymentPostprocessing = 0;
		};
/* End PBXSourcesBuildPhase section */

/* Begin PBXTargetDependency section */
		EE55A1D325A972C200F7009C /* PBXTargetDependency */ = {
			isa = PBXTargetDependency;
			target = EE55A1BF25A972C000F7009C /* LinearGraph */;
			targetProxy = EE55A1D225A972C200F7009C /* PBXContainerItemProxy */;
		};
		EE55A1DE25A972C200F7009C /* PBXTargetDependency */ = {
			isa = PBXTargetDependency;
			target = EE55A1BF25A972C000F7009C /* LinearGraph */;
			targetProxy = EE55A1DD25A972C200F7009C /* PBXContainerItemProxy */;
		};
/* End PBXTargetDependency section */

/* Begin XCBuildConfiguration section */
		EE55A1E325A972C200F7009C /* Debug */ = {
			isa = XCBuildConfiguration;
			buildSettings = {
				ALWAYS_SEARCH_USER_PATHS = NO;
				CLANG_ANALYZER_NONNULL = YES;
				CLANG_ANALYZER_NUMBER_OBJECT_CONVERSION = YES_AGGRESSIVE;
				CLANG_CXX_LANGUAGE_STANDARD = "gnu++14";
				CLANG_CXX_LIBRARY = "libc++";
				CLANG_ENABLE_MODULES = YES;
				CLANG_ENABLE_OBJC_ARC = YES;
				CLANG_ENABLE_OBJC_WEAK = YES;
				CLANG_WARN_BLOCK_CAPTURE_AUTORELEASING = YES;
				CLANG_WARN_BOOL_CONVERSION = YES;
				CLANG_WARN_COMMA = YES;
				CLANG_WARN_CONSTANT_CONVERSION = YES;
				CLANG_WARN_DEPRECATED_OBJC_IMPLEMENTATIONS = YES;
				CLANG_WARN_DIRECT_OBJC_ISA_USAGE = YES_ERROR;
				CLANG_WARN_DOCUMENTATION_COMMENTS = YES;
				CLANG_WARN_EMPTY_BODY = YES;
				CLANG_WARN_ENUM_CONVERSION = YES;
				CLANG_WARN_INFINITE_RECURSION = YES;
				CLANG_WARN_INT_CONVERSION = YES;
				CLANG_WARN_NON_LITERAL_NULL_CONVERSION = YES;
				CLANG_WARN_OBJC_IMPLICIT_RETAIN_SELF = YES;
				CLANG_WARN_OBJC_LITERAL_CONVERSION = YES;
				CLANG_WARN_OBJC_ROOT_CLASS = YES_ERROR;
				CLANG_WARN_QUOTED_INCLUDE_IN_FRAMEWORK_HEADER = YES;
				CLANG_WARN_RANGE_LOOP_ANALYSIS = YES;
				CLANG_WARN_STRICT_PROTOTYPES = YES;
				CLANG_WARN_SUSPICIOUS_MOVE = YES;
				CLANG_WARN_UNGUARDED_AVAILABILITY = YES_AGGRESSIVE;
				CLANG_WARN_UNREACHABLE_CODE = YES;
				CLANG_WARN__DUPLICATE_METHOD_MATCH = YES;
				COPY_PHASE_STRIP = NO;
				DEBUG_INFORMATION_FORMAT = dwarf;
				ENABLE_STRICT_OBJC_MSGSEND = YES;
				ENABLE_TESTABILITY = YES;
				GCC_C_LANGUAGE_STANDARD = gnu11;
				GCC_DYNAMIC_NO_PIC = NO;
				GCC_NO_COMMON_BLOCKS = YES;
				GCC_OPTIMIZATION_LEVEL = 0;
				GCC_PREPROCESSOR_DEFINITIONS = (
					"DEBUG=1",
					"$(inherited)",
				);
				GCC_WARN_64_TO_32_BIT_CONVERSION = YES;
				GCC_WARN_ABOUT_RETURN_TYPE = YES_ERROR;
				GCC_WARN_UNDECLARED_SELECTOR = YES;
				GCC_WARN_UNINITIALIZED_AUTOS = YES_AGGRESSIVE;
				GCC_WARN_UNUSED_FUNCTION = YES;
				GCC_WARN_UNUSED_VARIABLE = YES;
				IPHONEOS_DEPLOYMENT_TARGET = 14.3;
				MTL_ENABLE_DEBUG_INFO = INCLUDE_SOURCE;
				MTL_FAST_MATH = YES;
				ONLY_ACTIVE_ARCH = YES;
				SDKROOT = iphoneos;
				SWIFT_ACTIVE_COMPILATION_CONDITIONS = DEBUG;
				SWIFT_OPTIMIZATION_LEVEL = "-Onone";
			};
			name = Debug;
		};
		EE55A1E425A972C200F7009C /* Release */ = {
			isa = XCBuildConfiguration;
			buildSettings = {
				ALWAYS_SEARCH_USER_PATHS = NO;
				CLANG_ANALYZER_NONNULL = YES;
				CLANG_ANALYZER_NUMBER_OBJECT_CONVERSION = YES_AGGRESSIVE;
				CLANG_CXX_LANGUAGE_STANDARD = "gnu++14";
				CLANG_CXX_LIBRARY = "libc++";
				CLANG_ENABLE_MODULES = YES;
				CLANG_ENABLE_OBJC_ARC = YES;
				CLANG_ENABLE_OBJC_WEAK = YES;
				CLANG_WARN_BLOCK_CAPTURE_AUTORELEASING = YES;
				CLANG_WARN_BOOL_CONVERSION = YES;
				CLANG_WARN_COMMA = YES;
				CLANG_WARN_CONSTANT_CONVERSION = YES;
				CLANG_WARN_DEPRECATED_OBJC_IMPLEMENTATIONS = YES;
				CLANG_WARN_DIRECT_OBJC_ISA_USAGE = YES_ERROR;
				CLANG_WARN_DOCUMENTATION_COMMENTS = YES;
				CLANG_WARN_EMPTY_BODY = YES;
				CLANG_WARN_ENUM_CONVERSION = YES;
				CLANG_WARN_INFINITE_RECURSION = YES;
				CLANG_WARN_INT_CONVERSION = YES;
				CLANG_WARN_NON_LITERAL_NULL_CONVERSION = YES;
				CLANG_WARN_OBJC_IMPLICIT_RETAIN_SELF = YES;
				CLANG_WARN_OBJC_LITERAL_CONVERSION = YES;
				CLANG_WARN_OBJC_ROOT_CLASS = YES_ERROR;
				CLANG_WARN_QUOTED_INCLUDE_IN_FRAMEWORK_HEADER = YES;
				CLANG_WARN_RANGE_LOOP_ANALYSIS = YES;
				CLANG_WARN_STRICT_PROTOTYPES = YES;
				CLANG_WARN_SUSPICIOUS_MOVE = YES;
				CLANG_WARN_UNGUARDED_AVAILABILITY = YES_AGGRESSIVE;
				CLANG_WARN_UNREACHABLE_CODE = YES;
				CLANG_WARN__DUPLICATE_METHOD_MATCH = YES;
				COPY_PHASE_STRIP = NO;
				DEBUG_INFORMATION_FORMAT = "dwarf-with-dsym";
				ENABLE_NS_ASSERTIONS = NO;
				ENABLE_STRICT_OBJC_MSGSEND = YES;
				GCC_C_LANGUAGE_STANDARD = gnu11;
				GCC_NO_COMMON_BLOCKS = YES;
				GCC_WARN_64_TO_32_BIT_CONVERSION = YES;
				GCC_WARN_ABOUT_RETURN_TYPE = YES_ERROR;
				GCC_WARN_UNDECLARED_SELECTOR = YES;
				GCC_WARN_UNINITIALIZED_AUTOS = YES_AGGRESSIVE;
				GCC_WARN_UNUSED_FUNCTION = YES;
				GCC_WARN_UNUSED_VARIABLE = YES;
				IPHONEOS_DEPLOYMENT_TARGET = 14.3;
				MTL_ENABLE_DEBUG_INFO = NO;
				MTL_FAST_MATH = YES;
				SDKROOT = iphoneos;
				SWIFT_COMPILATION_MODE = wholemodule;
				SWIFT_OPTIMIZATION_LEVEL = "-O";
				VALIDATE_PRODUCT = YES;
			};
			name = Release;
		};
		EE55A1E625A972C200F7009C /* Debug */ = {
			isa = XCBuildConfiguration;
			buildSettings = {
				ASSETCATALOG_COMPILER_APPICON_NAME = AppIcon;
				ASSETCATALOG_COMPILER_GLOBAL_ACCENT_COLOR_NAME = AccentColor;
				CODE_SIGN_STYLE = Automatic;
				DEVELOPMENT_ASSET_PATHS = "\"LinearGraph/Preview Content\"";
				DEVELOPMENT_TEAM = R7G2ZY32W4;
				ENABLE_PREVIEWS = YES;
				INFOPLIST_FILE = LinearGraph/Info.plist;
				IPHONEOS_DEPLOYMENT_TARGET = 14.0;
				LD_RUNPATH_SEARCH_PATHS = (
					"$(inherited)",
					"@executable_path/Frameworks",
				);
				PRODUCT_BUNDLE_IDENTIFIER = com.khb.LinearGraph;
				PRODUCT_NAME = "$(TARGET_NAME)";
				SWIFT_VERSION = 5.0;
				TARGETED_DEVICE_FAMILY = "1,2";
			};
			name = Debug;
		};
		EE55A1E725A972C200F7009C /* Release */ = {
			isa = XCBuildConfiguration;
			buildSettings = {
				ASSETCATALOG_COMPILER_APPICON_NAME = AppIcon;
				ASSETCATALOG_COMPILER_GLOBAL_ACCENT_COLOR_NAME = AccentColor;
				CODE_SIGN_STYLE = Automatic;
				DEVELOPMENT_ASSET_PATHS = "\"LinearGraph/Preview Content\"";
				DEVELOPMENT_TEAM = R7G2ZY32W4;
				ENABLE_PREVIEWS = YES;
				INFOPLIST_FILE = LinearGraph/Info.plist;
				IPHONEOS_DEPLOYMENT_TARGET = 14.0;
				LD_RUNPATH_SEARCH_PATHS = (
					"$(inherited)",
					"@executable_path/Frameworks",
				);
				PRODUCT_BUNDLE_IDENTIFIER = com.khb.LinearGraph;
				PRODUCT_NAME = "$(TARGET_NAME)";
				SWIFT_VERSION = 5.0;
				TARGETED_DEVICE_FAMILY = "1,2";
			};
			name = Release;
		};
		EE55A1E925A972C200F7009C /* Debug */ = {
			isa = XCBuildConfiguration;
			buildSettings = {
				ALWAYS_EMBED_SWIFT_STANDARD_LIBRARIES = YES;
				BUNDLE_LOADER = "$(TEST_HOST)";
				CODE_SIGN_STYLE = Automatic;
				DEVELOPMENT_TEAM = R7G2ZY32W4;
				INFOPLIST_FILE = LinearGraphTests/Info.plist;
				IPHONEOS_DEPLOYMENT_TARGET = 14.0;
				LD_RUNPATH_SEARCH_PATHS = (
					"$(inherited)",
					"@executable_path/Frameworks",
					"@loader_path/Frameworks",
				);
				PRODUCT_BUNDLE_IDENTIFIER = com.khb.LinearGraphTests;
				PRODUCT_NAME = "$(TARGET_NAME)";
				SWIFT_VERSION = 5.0;
				TARGETED_DEVICE_FAMILY = "1,2";
				TEST_HOST = "$(BUILT_PRODUCTS_DIR)/LinearGraph.app/LinearGraph";
			};
			name = Debug;
		};
		EE55A1EA25A972C200F7009C /* Release */ = {
			isa = XCBuildConfiguration;
			buildSettings = {
				ALWAYS_EMBED_SWIFT_STANDARD_LIBRARIES = YES;
				BUNDLE_LOADER = "$(TEST_HOST)";
				CODE_SIGN_STYLE = Automatic;
				DEVELOPMENT_TEAM = R7G2ZY32W4;
				INFOPLIST_FILE = LinearGraphTests/Info.plist;
				IPHONEOS_DEPLOYMENT_TARGET = 14.0;
				LD_RUNPATH_SEARCH_PATHS = (
					"$(inherited)",
					"@executable_path/Frameworks",
					"@loader_path/Frameworks",
				);
				PRODUCT_BUNDLE_IDENTIFIER = com.khb.LinearGraphTests;
				PRODUCT_NAME = "$(TARGET_NAME)";
				SWIFT_VERSION = 5.0;
				TARGETED_DEVICE_FAMILY = "1,2";
				TEST_HOST = "$(BUILT_PRODUCTS_DIR)/LinearGraph.app/LinearGraph";
			};
			name = Release;
		};
		EE55A1EC25A972C200F7009C /* Debug */ = {
			isa = XCBuildConfiguration;
			buildSettings = {
				ALWAYS_EMBED_SWIFT_STANDARD_LIBRARIES = YES;
				CODE_SIGN_STYLE = Automatic;
				DEVELOPMENT_TEAM = R7G2ZY32W4;
				INFOPLIST_FILE = LinearGraphUITests/Info.plist;
				LD_RUNPATH_SEARCH_PATHS = (
					"$(inherited)",
					"@executable_path/Frameworks",
					"@loader_path/Frameworks",
				);
				PRODUCT_BUNDLE_IDENTIFIER = com.khb.LinearGraphUITests;
				PRODUCT_NAME = "$(TARGET_NAME)";
				SWIFT_VERSION = 5.0;
				TARGETED_DEVICE_FAMILY = "1,2";
				TEST_TARGET_NAME = LinearGraph;
			};
			name = Debug;
		};
		EE55A1ED25A972C200F7009C /* Release */ = {
			isa = XCBuildConfiguration;
			buildSettings = {
				ALWAYS_EMBED_SWIFT_STANDARD_LIBRARIES = YES;
				CODE_SIGN_STYLE = Automatic;
				DEVELOPMENT_TEAM = R7G2ZY32W4;
				INFOPLIST_FILE = LinearGraphUITests/Info.plist;
				LD_RUNPATH_SEARCH_PATHS = (
					"$(inherited)",
					"@executable_path/Frameworks",
					"@loader_path/Frameworks",
				);
				PRODUCT_BUNDLE_IDENTIFIER = com.khb.LinearGraphUITests;
				PRODUCT_NAME = "$(TARGET_NAME)";
				SWIFT_VERSION = 5.0;
				TARGETED_DEVICE_FAMILY = "1,2";
				TEST_TARGET_NAME = LinearGraph;
			};
			name = Release;
		};
/* End XCBuildConfiguration section */

/* Begin XCConfigurationList section */
		EE55A1BB25A972C000F7009C /* Build configuration list for PBXProject "LinearGraph" */ = {
			isa = XCConfigurationList;
			buildConfigurations = (
				EE55A1E325A972C200F7009C /* Debug */,
				EE55A1E425A972C200F7009C /* Release */,
			);
			defaultConfigurationIsVisible = 0;
			defaultConfigurationName = Release;
		};
		EE55A1E525A972C200F7009C /* Build configuration list for PBXNativeTarget "LinearGraph" */ = {
			isa = XCConfigurationList;
			buildConfigurations = (
				EE55A1E625A972C200F7009C /* Debug */,
				EE55A1E725A972C200F7009C /* Release */,
			);
			defaultConfigurationIsVisible = 0;
			defaultConfigurationName = Release;
		};
		EE55A1E825A972C200F7009C /* Build configuration list for PBXNativeTarget "LinearGraphTests" */ = {
			isa = XCConfigurationList;
			buildConfigurations = (
				EE55A1E925A972C200F7009C /* Debug */,
				EE55A1EA25A972C200F7009C /* Release */,
			);
			defaultConfigurationIsVisible = 0;
			defaultConfigurationName = Release;
		};
		EE55A1EB25A972C200F7009C /* Build configuration list for PBXNativeTarget "LinearGraphUITests" */ = {
			isa = XCConfigurationList;
			buildConfigurations = (
				EE55A1EC25A972C200F7009C /* Debug */,
				EE55A1ED25A972C200F7009C /* Release */,
			);
			defaultConfigurationIsVisible = 0;
			defaultConfigurationName = Release;
		};
/* End XCConfigurationList section */
	};
	rootObject = EE55A1B825A972C000F7009C /* Project object */;
}
